
Microsoft Visual Studio Solution File, Format Version 12.00
# Visual Studio Version 17
VisualStudioVersion = 17.0.31903.59
MinimumVisualStudioVersion = 10.0.40219.1
Project("{2150E333-8FDC-42A3-9474-1A3956D46DE8}") = "src", "src", "{827E0CD3-B72D-47B6-A68D-7590B98EB39B}"
EndProject
Project("{FAE04EC0-301F-11D3-BF4B-00C04F79EFBC}") = "Keycloak.AdminSdk", "src\Keycloak.AdminSdk\Keycloak.AdminSdk.csproj", "{A398A7AD-624D-438D-B6C5-BC320F5D756B}"
EndProject
Project("{2150E333-8FDC-42A3-9474-1A3956D46DE8}") = "tests", "tests", "{0AB3BF05-4346-4AA6-1389-037BE0695223}"
EndProject
Project("{FAE04EC0-301F-11D3-BF4B-00C04F79EFBC}") = "Keycloak.AdminSdk.UnitTests", "tests\Keycloak.AdminSdk.UnitTests\Keycloak.AdminSdk.UnitTests.csproj", "{D6121183-C17C-4E6B-BD7C-CF35B8F01B06}"
EndProject
Project("{FAE04EC0-301F-11D3-BF4B-00C04F79EFBC}") = "Keycloak.AdminSdk.IntegrationTests", "tests\Keycloak.AdminSdk.IntegrationTests\Keycloak.AdminSdk.IntegrationTests.csproj", "{739816F9-E70D-455A-8E36-4CDEC33C85A3}"
EndProject
Project("{FAE04EC0-301F-11D3-BF4B-00C04F79EFBC}") = "Keycloak.AdminSdk.ArchitectureTests", "tests\Keycloak.AdminSdk.ArchitectureTests\Keycloak.AdminSdk.ArchitectureTests.csproj", "{59A109C5-F308-4437-94A8-719BB934B3DE}"
EndProject
Project("{FAE04EC0-301F-11D3-BF4B-00C04F79EFBC}") = "Keycloak.AdminSdk.Diagnostics.Mcp", "src\Keycloak.AdminSdk.Diagnostics.Mcp\Keycloak.AdminSdk.Diagnostics.Mcp.csproj", "{A18D3C0D-6040-44DA-9C95-E35EB9939360}"
EndProject
Project("{FAE04EC0-301F-11D3-BF4B-00C04F79EFBC}") = "Keycloak.AdminSdk.Diagnostics.Mcp.UnitTests", "tests\Keycloak.AdminSdk.Diagnostics.Mcp.UnitTests\Keycloak.AdminSdk.Diagnostics.Mcp.UnitTests.csproj", "{CC3A0908-866C-4212-9476-D2D2EC486E07}"
EndProject
Project("{2150E333-8FDC-42A3-9474-1A3956D46DE8}") = "samples", "samples", "{5D20AA90-6969-D8BD-9DCD-8634F4692FDA}"
EndProject
Project("{FAE04EC0-301F-11D3-BF4B-00C04F79EFBC}") = "Keycloak.AdminSdk.SampleHost", "samples\Keycloak.AdminSdk.SampleHost\Keycloak.AdminSdk.SampleHost.csproj", "{70BDE0E1-1217-4744-BEE2-B5B246438BC5}"
EndProject
Global
	GlobalSection(SolutionConfigurationPlatforms) = preSolution
		Debug|Any CPU = Debug|Any CPU
		Debug|x64 = Debug|x64
		Debug|x86 = Debug|x86
		Release|Any CPU = Release|Any CPU
		Release|x64 = Release|x64
		Release|x86 = Release|x86
	EndGlobalSection
	GlobalSection(ProjectConfigurationPlatforms) = postSolution
		{A398A7AD-624D-438D-B6C5-BC320F5D756B}.Debug|Any CPU.ActiveCfg = Debug|Any CPU
		{A398A7AD-624D-438D-B6C5-BC320F5D756B}.Debug|Any CPU.Build.0 = Debug|Any CPU
		{A398A7AD-624D-438D-B6C5-BC320F5D756B}.Debug|x64.ActiveCfg = Debug|Any CPU
		{A398A7AD-624D-438D-B6C5-BC320F5D756B}.Debug|x64.Build.0 = Debug|Any CPU
		{A398A7AD-624D-438D-B6C5-BC320F5D756B}.Debug|x86.ActiveCfg = Debug|Any CPU
		{A398A7AD-624D-438D-B6C5-BC320F5D756B}.Debug|x86.Build.0 = Debug|Any CPU
		{A398A7AD-624D-438D-B6C5-BC320F5D756B}.Release|Any CPU.ActiveCfg = Release|Any CPU
		{A398A7AD-624D-438D-B6C5-BC320F5D756B}.Release|Any CPU.Build.0 = Release|Any CPU
		{A398A7AD-624D-438D-B6C5-BC320F5D756B}.Release|x64.ActiveCfg = Release|Any CPU
		{A398A7AD-624D-438D-B6C5-BC320F5D756B}.Release|x64.Build.0 = Release|Any CPU
		{A398A7AD-624D-438D-B6C5-BC320F5D756B}.Release|x86.ActiveCfg = Release|Any CPU
		{A398A7AD-624D-438D-B6C5-BC320F5D756B}.Release|x86.Build.0 = Release|Any CPU
		{D6121183-C17C-4E6B-BD7C-CF35B8F01B06}.Debug|Any CPU.ActiveCfg = Debug|Any CPU
		{D6121183-C17C-4E6B-BD7C-CF35B8F01B06}.Debug|Any CPU.Build.0 = Debug|Any CPU
		{D6121183-C17C-4E6B-BD7C-CF35B8F01B06}.Debug|x64.ActiveCfg = Debug|Any CPU
		{D6121183-C17C-4E6B-BD7C-CF35B8F01B06}.Debug|x64.Build.0 = Debug|Any CPU
		{D6121183-C17C-4E6B-BD7C-CF35B8F01B06}.Debug|x86.ActiveCfg = Debug|Any CPU
		{D6121183-C17C-4E6B-BD7C-CF35B8F01B06}.Debug|x86.Build.0 = Debug|Any CPU
		{D6121183-C17C-4E6B-BD7C-CF35B8F01B06}.Release|Any CPU.ActiveCfg = Release|Any CPU
		{D6121183-C17C-4E6B-BD7C-CF35B8F01B06}.Release|Any CPU.Build.0 = Release|Any CPU
		{D6121183-C17C-4E6B-BD7C-CF35B8F01B06}.Release|x64.ActiveCfg = Release|Any CPU
		{D6121183-C17C-4E6B-BD7C-CF35B8F01B06}.Release|x64.Build.0 = Release|Any CPU
		{D6121183-C17C-4E6B-BD7C-CF35B8F01B06}.Release|x86.ActiveCfg = Release|Any CPU
		{D6121183-C17C-4E6B-BD7C-CF35B8F01B06}.Release|x86.Build.0 = Release|Any CPU
		{739816F9-E70D-455A-8E36-4CDEC33C85A3}.Debug|Any CPU.ActiveCfg = Debug|Any CPU
		{739816F9-E70D-455A-8E36-4CDEC33C85A3}.Debug|Any CPU.Build.0 = Debug|Any CPU
		{739816F9-E70D-455A-8E36-4CDEC33C85A3}.Debug|x64.ActiveCfg = Debug|Any CPU
		{739816F9-E70D-455A-8E36-4CDEC33C85A3}.Debug|x64.Build.0 = Debug|Any CPU
		{739816F9-E70D-455A-8E36-4CDEC33C85A3}.Debug|x86.ActiveCfg = Debug|Any CPU
		{739816F9-E70D-455A-8E36-4CDEC33C85A3}.Debug|x86.Build.0 = Debug|Any CPU
		{739816F9-E70D-455A-8E36-4CDEC33C85A3}.Release|Any CPU.ActiveCfg = Release|Any CPU
		{739816F9-E70D-455A-8E36-4CDEC33C85A3}.Release|Any CPU.Build.0 = Release|Any CPU
		{739816F9-E70D-455A-8E36-4CDEC33C85A3}.Release|x64.ActiveCfg = Release|Any CPU
		{739816F9-E70D-455A-8E36-4CDEC33C85A3}.Release|x64.Build.0 = Release|Any CPU
		{739816F9-E70D-455A-8E36-4CDEC33C85A3}.Release|x86.ActiveCfg = Release|Any CPU
		{739816F9-E70D-455A-8E36-4CDEC33C85A3}.Release|x86.Build.0 = Release|Any CPU
		{59A109C5-F308-4437-94A8-719BB934B3DE}.Debug|Any CPU.ActiveCfg = Debug|Any CPU
		{59A109C5-F308-4437-94A8-719BB934B3DE}.Debug|Any CPU.Build.0 = Debug|Any CPU
		{59A109C5-F308-4437-94A8-719BB934B3DE}.Debug|x64.ActiveCfg = Debug|Any CPU
		{59A109C5-F308-4437-94A8-719BB934B3DE}.Debug|x64.Build.0 = Debug|Any CPU
		{59A109C5-F308-4437-94A8-719BB934B3DE}.Debug|x86.ActiveCfg = Debug|Any CPU
		{59A109C5-F308-4437-94A8-719BB934B3DE}.Debug|x86.Build.0 = Debug|Any CPU
		{59A109C5-F308-4437-94A8-719BB934B3DE}.Release|Any CPU.ActiveCfg = Release|Any CPU
		{59A109C5-F308-4437-94A8-719BB934B3DE}.Release|Any CPU.Build.0 = Release|Any CPU
		{59A109C5-F308-4437-94A8-719BB934B3DE}.Release|x64.ActiveCfg = Release|Any CPU
		{59A109C5-F308-4437-94A8-719BB934B3DE}.Release|x64.Build.0 = Release|Any CPU
		{59A109C5-F308-4437-94A8-719BB934B3DE}.Release|x86.ActiveCfg = Release|Any CPU
		{59A109C5-F308-4437-94A8-719BB934B3DE}.Release|x86.Build.0 = Release|Any CPU
		{A18D3C0D-6040-44DA-9C95-E35EB9939360}.Debug|Any CPU.ActiveCfg = Debug|Any CPU
		{A18D3C0D-6040-44DA-9C95-E35EB9939360}.Debug|Any CPU.Build.0 = Debug|Any CPU
		{A18D3C0D-6040-44DA-9C95-E35EB9939360}.Debug|x64.ActiveCfg = Debug|Any CPU
		{A18D3C0D-6040-44DA-9C95-E35EB9939360}.Debug|x64.Build.0 = Debug|Any CPU
		{A18D3C0D-6040-44DA-9C95-E35EB9939360}.Debug|x86.ActiveCfg = Debug|Any CPU
		{A18D3C0D-6040-44DA-9C95-E35EB9939360}.Debug|x86.Build.0 = Debug|Any CPU
		{A18D3C0D-6040-44DA-9C95-E35EB9939360}.Release|Any CPU.ActiveCfg = Release|Any CPU
		{A18D3C0D-6040-44DA-9C95-E35EB9939360}.Release|Any CPU.Build.0 = Release|Any CPU
		{A18D3C0D-6040-44DA-9C95-E35EB9939360}.Release|x64.ActiveCfg = Release|Any CPU
		{A18D3C0D-6040-44DA-9C95-E35EB9939360}.Release|x64.Build.0 = Release|Any CPU
		{A18D3C0D-6040-44DA-9C95-E35EB9939360}.Release|x86.ActiveCfg = Release|Any CPU
		{A18D3C0D-6040-44DA-9C95-E35EB9939360}.Release|x86.Build.0 = Release|Any CPU
		{CC3A0908-866C-4212-9476-D2D2EC486E07}.Debug|Any CPU.ActiveCfg = Debug|Any CPU
		{CC3A0908-866C-4212-9476-D2D2EC486E07}.Debug|Any CPU.Build.0 = Debug|Any CPU
		{CC3A0908-866C-4212-9476-D2D2EC486E07}.Debug|x64.ActiveCfg = Debug|Any CPU
		{CC3A0908-866C-4212-9476-D2D2EC486E07}.Debug|x64.Build.0 = Debug|Any CPU
		{CC3A0908-866C-4212-9476-D2D2EC486E07}.Debug|x86.ActiveCfg = Debug|Any CPU
		{CC3A0908-866C-4212-9476-D2D2EC486E07}.Debug|x86.Build.0 = Debug|Any CPU
		{CC3A0908-866C-4212-9476-D2D2EC486E07}.Release|Any CPU.ActiveCfg = Release|Any CPU
		{CC3A0908-866C-4212-9476-D2D2EC486E07}.Release|Any CPU.Build.0 = Release|Any CPU
		{CC3A0908-866C-4212-9476-D2D2EC486E07}.Release|x64.ActiveCfg = Release|Any CPU
		{CC3A0908-866C-4212-9476-D2D2EC486E07}.Release|x64.Build.0 = Release|Any CPU
		{CC3A0908-866C-4212-9476-D2D2EC486E07}.Release|x86.ActiveCfg = Release|Any CPU
		{CC3A0908-866C-4212-9476-D2D2EC486E07}.Release|x86.Build.0 = Release|Any CPU
		{70BDE0E1-1217-4744-BEE2-B5B246438BC5}.Debug|Any CPU.ActiveCfg = Debug|Any CPU
		{70BDE0E1-1217-4744-BEE2-B5B246438BC5}.Debug|Any CPU.Build.0 = Debug|Any CPU
		{70BDE0E1-1217-4744-BEE2-B5B246438BC5}.Debug|x64.ActiveCfg = Debug|Any CPU
		{70BDE0E1-1217-4744-BEE2-B5B246438BC5}.Debug|x64.Build.0 = Debug|Any CPU
		{70BDE0E1-1217-4744-BEE2-B5B246438BC5}.Debug|x86.ActiveCfg = Debug|Any CPU
		{70BDE0E1-1217-4744-BEE2-B5B246438BC5}.Debug|x86.Build.0 = Debug|Any CPU
		{70BDE0E1-1217-4744-BEE2-B5B246438BC5}.Release|Any CPU.ActiveCfg = Release|Any CPU
		{70BDE0E1-1217-4744-BEE2-B5B246438BC5}.Release|Any CPU.Build.0 = Release|Any CPU
		{70BDE0E1-1217-4744-BEE2-B5B246438BC5}.Release|x64.ActiveCfg = Release|Any CPU
		{70BDE0E1-1217-4744-BEE2-B5B246438BC5}.Release|x64.Build.0 = Release|Any CPU
		{70BDE0E1-1217-4744-BEE2-B5B246438BC5}.Release|x86.ActiveCfg = Release|Any CPU
		{70BDE0E1-1217-4744-BEE2-B5B246438BC5}.Release|x86.Build.0 = Release|Any CPU
	EndGlobalSection
	GlobalSection(SolutionProperties) = preSolution
		HideSolutionNode = FALSE
	EndGlobalSection
	GlobalSection(NestedProjects) = preSolution
		{A398A7AD-624D-438D-B6C5-BC320F5D756B} = {827E0CD3-B72D-47B6-A68D-7590B98EB39B}
		{D6121183-C17C-4E6B-BD7C-CF35B8F01B06} = {0AB3BF05-4346-4AA6-1389-037BE0695223}
		{739816F9-E70D-455A-8E36-4CDEC33C85A3} = {0AB3BF05-4346-4AA6-1389-037BE0695223}
		{59A109C5-F308-4437-94A8-719BB934B3DE} = {0AB3BF05-4346-4AA6-1389-037BE0695223}
		{A18D3C0D-6040-44DA-9C95-E35EB9939360} = {827E0CD3-B72D-47B6-A68D-7590B98EB39B}
		{CC3A0908-866C-4212-9476-D2D2EC486E07} = {0AB3BF05-4346-4AA6-1389-037BE0695223}
		{70BDE0E1-1217-4744-BEE2-B5B246438BC5} = {5D20AA90-6969-D8BD-9DCD-8634F4692FDA}
	EndGlobalSection
EndGlobal
